
Microsoft Visual Studio Solution File, Format Version 11.00
# Visual Studio 2010
Project("{FAE04EC0-301F-11D3-BF4B-00C04F79EFBC}") = "UISystem", "Assembly-CSharp.csproj", "{E7947513-C55E-A4AA-F956-8D25B842B6C7}"
EndProject
Project("{FAE04EC0-301F-11D3-BF4B-00C04F79EFBC}") = "UISystem", "Assembly-CSharp-firstpass.csproj", "{95EEA952-E18F-848C-819D-0730EFDEA39A}"
EndProject
Project("{FAE04EC0-301F-11D3-BF4B-00C04F79EFBC}") = "UISystem", "Assembly-CSharp-Editor-firstpass.csproj", "{5B190A92-35A1-EB3C-BCC1-8BD9A338C8BD}"
EndProject
Global
	GlobalSection(SolutionConfigurationPlatforms) = preSolution
		Debug|Any CPU = Debug|Any CPU
		Release|Any CPU = Release|Any CPU
	EndGlobalSection
	GlobalSection(ProjectConfigurationPlatforms) = postSolution
		{E7947513-C55E-A4AA-F956-8D25B842B6C7}.Debug|Any CPU.ActiveCfg = Debug|Any CPU
		{E7947513-C55E-A4AA-F956-8D25B842B6C7}.Debug|Any CPU.Build.0 = Debug|Any CPU
		{E7947513-C55E-A4AA-F956-8D25B842B6C7}.Release|Any CPU.ActiveCfg = Release|Any CPU
		{E7947513-C55E-A4AA-F956-8D25B842B6C7}.Release|Any CPU.Build.0 = Release|Any CPU
		{95EEA952-E18F-848C-819D-0730EFDEA39A}.Debug|Any CPU.ActiveCfg = Debug|Any CPU
		{95EEA952-E18F-848C-819D-0730EFDEA39A}.Debug|Any CPU.Build.0 = Debug|Any CPU
		{95EEA952-E18F-848C-819D-0730EFDEA39A}.Release|Any CPU.ActiveCfg = Release|Any CPU
		{95EEA952-E18F-848C-819D-0730EFDEA39A}.Release|Any CPU.Build.0 = Release|Any CPU
		{5B190A92-35A1-EB3C-BCC1-8BD9A338C8BD}.Debug|Any CPU.ActiveCfg = Debug|Any CPU
		{5B190A92-35A1-EB3C-BCC1-8BD9A338C8BD}.Debug|Any CPU.Build.0 = Debug|Any CPU
		{5B190A92-35A1-EB3C-BCC1-8BD9A338C8BD}.Release|Any CPU.ActiveCfg = Release|Any CPU
		{5B190A92-35A1-EB3C-BCC1-8BD9A338C8BD}.Release|Any CPU.Build.0 = Release|Any CPU
	EndGlobalSection
	GlobalSection(SolutionProperties) = preSolution
		HideSolutionNode = FALSE
	EndGlobalSection
	GlobalSection(MonoDevelopProperties) = preSolution
		StartupItem = Assembly-CSharp.csproj
	EndGlobalSection
EndGlobal
